{
  "ailang_version": "v0.51.0",
  "generated_at": "2026-10-02T15:55:10.03329Z",
  "generator": "ailang lock v0.51.0",
  "packages": [
    {
      "ailang": ">=0.45.0",
      "content_hash": "sha256:d9aa8bab1b3d1d4d33599adb99a948b811ba093520f017f44a99272a2abd4527",
      "effects": [
        "IO"
      ],
      "exports": [
        "sunholo/relativity/blackbody",
        "sunholo/relativity/blackbody_photometry",
        "sunholo/relativity/blackbody_photometry_table",
        "sunholo/relativity/hyper",
        "sunholo/relativity/journey",
        "sunholo/relativity/kinematics",
        "sunholo/relativity/medium",
        "sunholo/relativity/optics",
        "sunholo/relativity/photometry",
        "sunholo/relativity/photometry_table",
        "sunholo/relativity/schwarzschild"
      ],
      "interface_hash": "sha256:c747d1b1e1ebd1480f06fb1609393ebf801cf5d6455ee7e51bab1fd7521acced",
      "name": "sunholo/relativity",
      "source": "registry",
      "version": "0.5.1"
    }
  ],
  "schema": "ailang.lock/v1",
  "schema_version": "1.0.0"
}
