{
  "ailang_version": "v0.51.0",
  "generated_at": "2026-10-01T22:43:48.107421Z",
  "generator": "ailang lock v0.51.0",
  "packages": [
    {
      "ailang": ">=0.45.0",
      "content_hash": "sha256:f0dd70d536577e745d0678252a7eca8a3ecc5b59a2f04561a30d85124935861b",
      "effects": [
        "IO"
      ],
      "exports": [
        "sunholo/relativity/blackbody",
        "sunholo/relativity/blackbody_photometry",
        "sunholo/relativity/blackbody_photometry_table",
        "sunholo/relativity/hyper",
        "sunholo/relativity/journey",
        "sunholo/relativity/kinematics",
        "sunholo/relativity/medium",
        "sunholo/relativity/optics",
        "sunholo/relativity/photometry",
        "sunholo/relativity/photometry_table",
        "sunholo/relativity/schwarzschild"
      ],
      "interface_hash": "sha256:c747d1b1e1ebd1480f06fb1609393ebf801cf5d6455ee7e51bab1fd7521acced",
      "name": "sunholo/relativity",
      "source": "registry",
      "version": "0.4.0"
    }
  ],
  "schema": "ailang.lock/v1",
  "schema_version": "1.0.0"
}
