{
  "ailang_version": "v0.52.0",
  "generated_at": "2026-10-03T06:58:03.463933Z",
  "generator": "ailang lock v0.52.0",
  "packages": [
    {
      "ailang": ">=0.40.0",
      "content_hash": "sha256:42f6598af61569a0659f8145d5dad7ca6edf48e7a42054e63655b5449957823b",
      "effects": [
        "IO"
      ],
      "exports": [
        "sunholo/gemini_live/config",
        "sunholo/gemini_live/endpoints",
        "sunholo/gemini_live/messages",
        "sunholo/gemini_live/parsers",
        "sunholo/gemini_live/tts",
        "sunholo/gemini_live/voices"
      ],
      "interface_hash": "sha256:1649a39f7ab2f5606538b2a1372d413b2628d967476d22c93fa677425ebc3702",
      "name": "sunholo/gemini_live",
      "source": "registry",
      "version": "0.5.0"
    }
  ],
  "schema": "ailang.lock/v1",
  "schema_version": "1.0.0"
}
